// !$*UTF8*$!
{
	archiveVersion = 1;
	classes = {
	};
	objectVersion = 48;
	objects = {

/* Begin PBXBuildFile section */
		79D29F7B2171ECCE00B7BC4C /* PointOfInterest.swift in Sources */ = {isa = PBXBuildFile; fileRef = 79D29F7A2171ECCE00B7BC4C /* PointOfInterest.swift */; };
		7B47DAC82171DF2200786DF9 /* AppDelegate.swift in Sources */ = {isa = PBXBuildFile; fileRef = 7B47DAC72171DF2200786DF9 /* AppDelegate.swift */; };
		7B47DACA2171DF2200786DF9 /* ViewController.swift in Sources */ = {isa = PBXBuildFile; fileRef = 7B47DAC92171DF2200786DF9 /* ViewController.swift */; };
		7B47DACD2171DF2200786DF9 /* Main.storyboard in Resources */ = {isa = PBXBuildFile; fileRef = 7B47DACB2171DF2200786DF9 /* Main.storyboard */; };
		7B47DACF2171DF2200786DF9 /* Assets.xcassets in Resources */ = {isa = PBXBuildFile; fileRef = 7B47DACE2171DF2200786DF9 /* Assets.xcassets */; };
		7B47DAD22171DF2200786DF9 /* LaunchScreen.storyboard in Resources */ = {isa = PBXBuildFile; fileRef = 7B47DAD02171DF2200786DF9 /* LaunchScreen.storyboard */; };
		7B47DADA2171E48B00786DF9 /* LocationSearchTable.swift in Sources */ = {isa = PBXBuildFile; fileRef = 7B47DAD92171E48B00786DF9 /* LocationSearchTable.swift */; };
/* End PBXBuildFile section */

/* Begin PBXFileReference section */
		79D29F7A2171ECCE00B7BC4C /* PointOfInterest.swift */ = {isa = PBXFileReference; lastKnownFileType = sourcecode.swift; path = PointOfInterest.swift; sourceTree = "<group>"; };
		7B47DAC42171DF2200786DF9 /* Plan42.app */ = {isa = PBXFileReference; explicitFileType = wrapper.application; includeInIndex = 0; path = Plan42.app; sourceTree = BUILT_PRODUCTS_DIR; };
		7B47DAC72171DF2200786DF9 /* AppDelegate.swift */ = {isa = PBXFileReference; lastKnownFileType = sourcecode.swift; path = AppDelegate.swift; sourceTree = "<group>"; };
		7B47DAC92171DF2200786DF9 /* ViewController.swift */ = {isa = PBXFileReference; lastKnownFileType = sourcecode.swift; path = ViewController.swift; sourceTree = "<group>"; };
		7B47DACC2171DF2200786DF9 /* Base */ = {isa = PBXFileReference; lastKnownFileType = file.storyboard; name = Base; path = Base.lproj/Main.storyboard; sourceTree = "<group>"; };
		7B47DACE2171DF2200786DF9 /* Assets.xcassets */ = {isa = PBXFileReference; lastKnownFileType = folder.assetcatalog; path = Assets.xcassets; sourceTree = "<group>"; };
		7B47DAD12171DF2200786DF9 /* Base */ = {isa = PBXFileReference; lastKnownFileType = file.storyboard; name = Base; path = Base.lproj/LaunchScreen.storyboard; sourceTree = "<group>"; };
		7B47DAD32171DF2200786DF9 /* Info.plist */ = {isa = PBXFileReference; lastKnownFileType = text.plist.xml; path = Info.plist; sourceTree = "<group>"; };
		7B47DAD92171E48B00786DF9 /* LocationSearchTable.swift */ = {isa = PBXFileReference; lastKnownFileType = sourcecode.swift; path = LocationSearchTable.swift; sourceTree = "<group>"; };
/* End PBXFileReference section */

/* Begin PBXFrameworksBuildPhase section */
		7B47DAC12171DF2200786DF9 /* Frameworks */ = {
			isa = PBXFrameworksBuildPhase;
			buildActionMask = 2147483647;
			files = (
			);
			runOnlyForDeploymentPostprocessing = 0;
		};
/* End PBXFrameworksBuildPhase section */

/* Begin PBXGroup section */
		7B47DABB2171DF2200786DF9 = {
			isa = PBXGroup;
			children = (
				7B47DAC62171DF2200786DF9 /* Plan42 */,
				7B47DAC52171DF2200786DF9 /* Products */,
			);
			sourceTree = "<group>";
		};
		7B47DAC52171DF2200786DF9 /* Products */ = {
			isa = PBXGroup;
			children = (
				7B47DAC42171DF2200786DF9 /* Plan42.app */,
			);
			name = Products;
			sourceTree = "<group>";
		};
		7B47DAC62171DF2200786DF9 /* Plan42 */ = {
			isa = PBXGroup;
			children = (
				7B47DAC72171DF2200786DF9 /* AppDelegate.swift */,
				7B47DAC92171DF2200786DF9 /* ViewController.swift */,
				7B47DACB2171DF2200786DF9 /* Main.storyboard */,
				7B47DACE2171DF2200786DF9 /* Assets.xcassets */,
				7B47DAD02171DF2200786DF9 /* LaunchScreen.storyboard */,
				7B47DAD32171DF2200786DF9 /* Info.plist */,
				7B47DAD92171E48B00786DF9 /* LocationSearchTable.swift */,
				79D29F7A2171ECCE00B7BC4C /* PointOfInterest.swift */,
			);
			path = Plan42;
			sourceTree = "<group>";
		};
/* End PBXGroup section */

/* Begin PBXNativeTarget section */
		7B47DAC32171DF2200786DF9 /* Plan42 */ = {
			isa = PBXNativeTarget;
			buildConfigurationList = 7B47DAD62171DF2200786DF9 /* Build configuration list for PBXNativeTarget "Plan42" */;
			buildPhases = (
				7B47DAC02171DF2200786DF9 /* Sources */,
				7B47DAC12171DF2200786DF9 /* Frameworks */,
				7B47DAC22171DF2200786DF9 /* Resources */,
			);
			buildRules = (
			);
			dependencies = (
			);
			name = Plan42;
			productName = Plan42;
			productReference = 7B47DAC42171DF2200786DF9 /* Plan42.app */;
			productType = "com.apple.product-type.application";
		};
/* End PBXNativeTarget section */

/* Begin PBXProject section */
		7B47DABC2171DF2200786DF9 /* Project object */ = {
			isa = PBXProject;
			attributes = {
				LastSwiftUpdateCheck = 0920;
				LastUpgradeCheck = 0920;
				ORGANIZATIONNAME = "Claudio MUTTI";
				TargetAttributes = {
					7B47DAC32171DF2200786DF9 = {
						CreatedOnToolsVersion = 9.2;
						ProvisioningStyle = Automatic;
					};
				};
			};
			buildConfigurationList = 7B47DABF2171DF2200786DF9 /* Build configuration list for PBXProject "Plan42" */;
			compatibilityVersion = "Xcode 8.0";
			developmentRegion = en;
			hasScannedForEncodings = 0;
			knownRegions = (
				en,
				Base,
			);
			mainGroup = 7B47DABB2171DF2200786DF9;
			productRefGroup = 7B47DAC52171DF2200786DF9 /* Products */;
			projectDirPath = "";
			projectRoot = "";
			targets = (
				7B47DAC32171DF2200786DF9 /* Plan42 */,
			);
		};
/* End PBXProject section */

/* Begin PBXResourcesBuildPhase section */
		7B47DAC22171DF2200786DF9 /* Resources */ = {
			isa = PBXResourcesBuildPhase;
			buildActionMask = 2147483647;
			files = (
				7B47DAD22171DF2200786DF9 /* LaunchScreen.storyboard in Resources */,
				7B47DACF2171DF2200786DF9 /* Assets.xcassets in Resources */,
				7B47DACD2171DF2200786DF9 /* Main.storyboard in Resources */,
			);
			runOnlyForDeploymentPostprocessing = 0;
		};
/* End PBXResourcesBuildPhase section */

/* Begin PBXSourcesBuildPhase section */
		7B47DAC02171DF2200786DF9 /* Sources */ = {
			isa = PBXSourcesBuildPhase;
			buildActionMask = 2147483647;
			files = (
				7B47DADA2171E48B00786DF9 /* LocationSearchTable.swift in Sources */,
				79D29F7B2171ECCE00B7BC4C /* PointOfInterest.swift in Sources */,
				7B47DACA2171DF2200786DF9 /* ViewController.swift in Sources */,
				7B47DAC82171DF2200786DF9 /* AppDelegate.swift in Sources */,
			);
			runOnlyForDeploymentPostprocessing = 0;
		};
/* End PBXSourcesBuildPhase section */

/* Begin PBXVariantGroup section */
		7B47DACB2171DF2200786DF9 /* Main.storyboard */ = {
			isa = PBXVariantGroup;
			children = (
				7B47DACC2171DF2200786DF9 /* Base */,
			);
			name = Main.storyboard;
			sourceTree = "<group>";
		};
		7B47DAD02171DF2200786DF9 /* LaunchScreen.storyboard */ = {
			isa = PBXVariantGroup;
			children = (
				7B47DAD12171DF2200786DF9 /* Base */,
			);
			name = LaunchScreen.storyboard;
			sourceTree = "<group>";
		};
/* End PBXVariantGroup section */

/* Begin XCBuildConfiguration section */
		7B47DAD42171DF2200786DF9 /* Debug */ = {
			isa = XCBuildConfiguration;
			buildSettings = {
				ALWAYS_SEARCH_USER_PATHS = NO;
				CLANG_ANALYZER_NONNULL = YES;
				CLANG_ANALYZER_NUMBER_OBJECT_CONVERSION = YES_AGGRESSIVE;
				CLANG_CXX_LANGUAGE_STANDARD = "gnu++14";
				CLANG_CXX_LIBRARY = "libc++";
				CLANG_ENABLE_MODULES = YES;
				CLANG_ENABLE_OBJC_ARC = YES;
				CLANG_WARN_BLOCK_CAPTURE_AUTORELEASING = YES;
				CLANG_WARN_BOOL_CONVERSION = YES;
				CLANG_WARN_COMMA = YES;
				CLANG_WARN_CONSTANT_CONVERSION = YES;
				CLANG_WARN_DIRECT_OBJC_ISA_USAGE = YES_ERROR;
				CLANG_WARN_DOCUMENTATION_COMMENTS = YES;
				CLANG_WARN_EMPTY_BODY = YES;
				CLANG_WARN_ENUM_CONVERSION = YES;
				CLANG_WARN_INFINITE_RECURSION = YES;
				CLANG_WARN_INT_CONVERSION = YES;
				CLANG_WARN_NON_LITERAL_NULL_CONVERSION = YES;
				CLANG_WARN_OBJC_LITERAL_CONVERSION = YES;
				CLANG_WARN_OBJC_ROOT_CLASS = YES_ERROR;
				CLANG_WARN_RANGE_LOOP_ANALYSIS = YES;
				CLANG_WARN_STRICT_PROTOTYPES = YES;
				CLANG_WARN_SUSPICIOUS_MOVE = YES;
				CLANG_WARN_UNGUARDED_AVAILABILITY = YES_AGGRESSIVE;
				CLANG_WARN_UNREACHABLE_CODE = YES;
				CLANG_WARN__DUPLICATE_METHOD_MATCH = YES;
				CODE_SIGN_IDENTITY = "iPhone Developer";
				COPY_PHASE_STRIP = NO;
				DEBUG_INFORMATION_FORMAT = dwarf;
				ENABLE_STRICT_OBJC_MSGSEND = YES;
				ENABLE_TESTABILITY = YES;
				GCC_C_LANGUAGE_STANDARD = gnu11;
				GCC_DYNAMIC_NO_PIC = NO;
				GCC_NO_COMMON_BLOCKS = YES;
				GCC_OPTIMIZATION_LEVEL = 0;
				GCC_PREPROCESSOR_DEFINITIONS = (
					"DEBUG=1",
					"$(inherited)",
				);
				GCC_WARN_64_TO_32_BIT_CONVERSION = YES;
				GCC_WARN_ABOUT_RETURN_TYPE = YES_ERROR;
				GCC_WARN_UNDECLARED_SELECTOR = YES;
				GCC_WARN_UNINITIALIZED_AUTOS = YES_AGGRESSIVE;
				GCC_WARN_UNUSED_FUNCTION = YES;
				GCC_WARN_UNUSED_VARIABLE = YES;
				IPHONEOS_DEPLOYMENT_TARGET = 11.2;
				MTL_ENABLE_DEBUG_INFO = YES;
				ONLY_ACTIVE_ARCH = YES;
				SDKROOT = iphoneos;
				SWIFT_ACTIVE_COMPILATION_CONDITIONS = DEBUG;
				SWIFT_OPTIMIZATION_LEVEL = "-Onone";
			};
			name = Debug;
		};
		7B47DAD52171DF2200786DF9 /* Release */ = {
			isa = XCBuildConfiguration;
			buildSettings = {
				ALWAYS_SEARCH_USER_PATHS = NO;
				CLANG_ANALYZER_NONNULL = YES;
				CLANG_ANALYZER_NUMBER_OBJECT_CONVERSION = YES_AGGRESSIVE;
				CLANG_CXX_LANGUAGE_STANDARD = "gnu++14";
				CLANG_CXX_LIBRARY = "libc++";
				CLANG_ENABLE_MODULES = YES;
				CLANG_ENABLE_OBJC_ARC = YES;
				CLANG_WARN_BLOCK_CAPTURE_AUTORELEASING = YES;
				CLANG_WARN_BOOL_CONVERSION = YES;
				CLANG_WARN_COMMA = YES;
				CLANG_WARN_CONSTANT_CONVERSION = YES;
				CLANG_WARN_DIRECT_OBJC_ISA_USAGE = YES_ERROR;
				CLANG_WARN_DOCUMENTATION_COMMENTS = YES;
				CLANG_WARN_EMPTY_BODY = YES;
				CLANG_WARN_ENUM_CONVERSION = YES;
				CLANG_WARN_INFINITE_RECURSION = YES;
				CLANG_WARN_INT_CONVERSION = YES;
				CLANG_WARN_NON_LITERAL_NULL_CONVERSION = YES;
				CLANG_WARN_OBJC_LITERAL_CONVERSION = YES;
				CLANG_WARN_OBJC_ROOT_CLASS = YES_ERROR;
				CLANG_WARN_RANGE_LOOP_ANALYSIS = YES;
				CLANG_WARN_STRICT_PROTOTYPES = YES;
				CLANG_WARN_SUSPICIOUS_MOVE = YES;
				CLANG_WARN_UNGUARDED_AVAILABILITY = YES_AGGRESSIVE;
				CLANG_WARN_UNREACHABLE_CODE = YES;
				CLANG_WARN__DUPLICATE_METHOD_MATCH = YES;
				CODE_SIGN_IDENTITY = "iPhone Developer";
				COPY_PHASE_STRIP = NO;
				DEBUG_INFORMATION_FORMAT = "dwarf-with-dsym";
				ENABLE_NS_ASSERTIONS = NO;
				ENABLE_STRICT_OBJC_MSGSEND = YES;
				GCC_C_LANGUAGE_STANDARD = gnu11;
				GCC_NO_COMMON_BLOCKS = YES;
				GCC_WARN_64_TO_32_BIT_CONVERSION = YES;
				GCC_WARN_ABOUT_RETURN_TYPE = YES_ERROR;
				GCC_WARN_UNDECLARED_SELECTOR = YES;
				GCC_WARN_UNINITIALIZED_AUTOS = YES_AGGRESSIVE;
				GCC_WARN_UNUSED_FUNCTION = YES;
				GCC_WARN_UNUSED_VARIABLE = YES;
				IPHONEOS_DEPLOYMENT_TARGET = 11.2;
				MTL_ENABLE_DEBUG_INFO = NO;
				SDKROOT = iphoneos;
				SWIFT_OPTIMIZATION_LEVEL = "-Owholemodule";
				VALIDATE_PRODUCT = YES;
			};
			name = Release;
		};
		7B47DAD72171DF2200786DF9 /* Debug */ = {
			isa = XCBuildConfiguration;
			buildSettings = {
				ASSETCATALOG_COMPILER_APPICON_NAME = AppIcon;
				CODE_SIGN_STYLE = Automatic;
				INFOPLIST_FILE = Plan42/Info.plist;
				LD_RUNPATH_SEARCH_PATHS = "$(inherited) @executable_path/Frameworks";
				PRODUCT_BUNDLE_IDENTIFIER = fr42.Plan42;
				PRODUCT_NAME = "$(TARGET_NAME)";
				SWIFT_VERSION = 4.0;
				TARGETED_DEVICE_FAMILY = "1,2";
			};
			name = Debug;
		};
		7B47DAD82171DF2200786DF9 /* Release */ = {
			isa = XCBuildConfiguration;
			buildSettings = {
				ASSETCATALOG_COMPILER_APPICON_NAME = AppIcon;
				CODE_SIGN_STYLE = Automatic;
				INFOPLIST_FILE = Plan42/Info.plist;
				LD_RUNPATH_SEARCH_PATHS = "$(inherited) @executable_path/Frameworks";
				PRODUCT_BUNDLE_IDENTIFIER = fr42.Plan42;
				PRODUCT_NAME = "$(TARGET_NAME)";
				SWIFT_VERSION = 4.0;
				TARGETED_DEVICE_FAMILY = "1,2";
			};
			name = Release;
		};
/* End XCBuildConfiguration section */

/* Begin XCConfigurationList section */
		7B47DABF2171DF2200786DF9 /* Build configuration list for PBXProject "Plan42" */ = {
			isa = XCConfigurationList;
			buildConfigurations = (
				7B47DAD42171DF2200786DF9 /* Debug */,
				7B47DAD52171DF2200786DF9 /* Release */,
			);
			defaultConfigurationIsVisible = 0;
			defaultConfigurationName = Release;
		};
		7B47DAD62171DF2200786DF9 /* Build configuration list for PBXNativeTarget "Plan42" */ = {
			isa = XCConfigurationList;
			buildConfigurations = (
				7B47DAD72171DF2200786DF9 /* Debug */,
				7B47DAD82171DF2200786DF9 /* Release */,
			);
			defaultConfigurationIsVisible = 0;
			defaultConfigurationName = Release;
		};
/* End XCConfigurationList section */
	};
	rootObject = 7B47DABC2171DF2200786DF9 /* Project object */;
}
