// !$*UTF8*$!
{
	archiveVersion = 1;
	classes = {
	};
	objectVersion = 48;
	objects = {

/* Begin PBXBuildFile section */
		7BB2FF002167791100209D8F /* TweetTableViewCell.swift in Sources */ = {isa = PBXBuildFile; fileRef = 7BB2FEFF2167791100209D8F /* TweetTableViewCell.swift */; };
		7BC2C1812166764700CF9C3E /* AppDelegate.swift in Sources */ = {isa = PBXBuildFile; fileRef = 7BC2C1802166764700CF9C3E /* AppDelegate.swift */; };
		7BC2C1832166764700CF9C3E /* ViewController.swift in Sources */ = {isa = PBXBuildFile; fileRef = 7BC2C1822166764700CF9C3E /* ViewController.swift */; };
		7BC2C1862166764700CF9C3E /* Main.storyboard in Resources */ = {isa = PBXBuildFile; fileRef = 7BC2C1842166764700CF9C3E /* Main.storyboard */; };
		7BC2C1882166764700CF9C3E /* Assets.xcassets in Resources */ = {isa = PBXBuildFile; fileRef = 7BC2C1872166764700CF9C3E /* Assets.xcassets */; };
		7BC2C18B2166764700CF9C3E /* LaunchScreen.storyboard in Resources */ = {isa = PBXBuildFile; fileRef = 7BC2C1892166764700CF9C3E /* LaunchScreen.storyboard */; };
		7BC2C1932166769600CF9C3E /* Tweet.swift in Sources */ = {isa = PBXBuildFile; fileRef = 7BC2C1922166769600CF9C3E /* Tweet.swift */; };
		7BC2C195216677E200CF9C3E /* APITwitterDelegate.swift in Sources */ = {isa = PBXBuildFile; fileRef = 7BC2C194216677E200CF9C3E /* APITwitterDelegate.swift */; };
		7BC2C197216678AE00CF9C3E /* APIController.swift in Sources */ = {isa = PBXBuildFile; fileRef = 7BC2C196216678AE00CF9C3E /* APIController.swift */; };
/* End PBXBuildFile section */

/* Begin PBXFileReference section */
		7BB2FEFF2167791100209D8F /* TweetTableViewCell.swift */ = {isa = PBXFileReference; lastKnownFileType = sourcecode.swift; path = TweetTableViewCell.swift; sourceTree = "<group>"; };
		7BC2C17D2166764700CF9C3E /* d04.app */ = {isa = PBXFileReference; explicitFileType = wrapper.application; includeInIndex = 0; path = d04.app; sourceTree = BUILT_PRODUCTS_DIR; };
		7BC2C1802166764700CF9C3E /* AppDelegate.swift */ = {isa = PBXFileReference; lastKnownFileType = sourcecode.swift; path = AppDelegate.swift; sourceTree = "<group>"; };
		7BC2C1822166764700CF9C3E /* ViewController.swift */ = {isa = PBXFileReference; lastKnownFileType = sourcecode.swift; path = ViewController.swift; sourceTree = "<group>"; };
		7BC2C1852166764700CF9C3E /* Base */ = {isa = PBXFileReference; lastKnownFileType = file.storyboard; name = Base; path = Base.lproj/Main.storyboard; sourceTree = "<group>"; };
		7BC2C1872166764700CF9C3E /* Assets.xcassets */ = {isa = PBXFileReference; lastKnownFileType = folder.assetcatalog; path = Assets.xcassets; sourceTree = "<group>"; };
		7BC2C18A2166764700CF9C3E /* Base */ = {isa = PBXFileReference; lastKnownFileType = file.storyboard; name = Base; path = Base.lproj/LaunchScreen.storyboard; sourceTree = "<group>"; };
		7BC2C18C2166764700CF9C3E /* Info.plist */ = {isa = PBXFileReference; lastKnownFileType = text.plist.xml; path = Info.plist; sourceTree = "<group>"; };
		7BC2C1922166769600CF9C3E /* Tweet.swift */ = {isa = PBXFileReference; lastKnownFileType = sourcecode.swift; path = Tweet.swift; sourceTree = "<group>"; };
		7BC2C194216677E200CF9C3E /* APITwitterDelegate.swift */ = {isa = PBXFileReference; lastKnownFileType = sourcecode.swift; path = APITwitterDelegate.swift; sourceTree = "<group>"; };
		7BC2C196216678AE00CF9C3E /* APIController.swift */ = {isa = PBXFileReference; lastKnownFileType = sourcecode.swift; path = APIController.swift; sourceTree = "<group>"; };
/* End PBXFileReference section */

/* Begin PBXFrameworksBuildPhase section */
		7BC2C17A2166764700CF9C3E /* Frameworks */ = {
			isa = PBXFrameworksBuildPhase;
			buildActionMask = 2147483647;
			files = (
			);
			runOnlyForDeploymentPostprocessing = 0;
		};
/* End PBXFrameworksBuildPhase section */

/* Begin PBXGroup section */
		7BC2C1742166764700CF9C3E = {
			isa = PBXGroup;
			children = (
				7BC2C17F2166764700CF9C3E /* d04 */,
				7BC2C17E2166764700CF9C3E /* Products */,
			);
			sourceTree = "<group>";
		};
		7BC2C17E2166764700CF9C3E /* Products */ = {
			isa = PBXGroup;
			children = (
				7BC2C17D2166764700CF9C3E /* d04.app */,
			);
			name = Products;
			sourceTree = "<group>";
		};
		7BC2C17F2166764700CF9C3E /* d04 */ = {
			isa = PBXGroup;
			children = (
				7BC2C1802166764700CF9C3E /* AppDelegate.swift */,
				7BC2C1822166764700CF9C3E /* ViewController.swift */,
				7BC2C1842166764700CF9C3E /* Main.storyboard */,
				7BC2C1872166764700CF9C3E /* Assets.xcassets */,
				7BC2C1892166764700CF9C3E /* LaunchScreen.storyboard */,
				7BC2C18C2166764700CF9C3E /* Info.plist */,
				7BC2C1922166769600CF9C3E /* Tweet.swift */,
				7BC2C194216677E200CF9C3E /* APITwitterDelegate.swift */,
				7BC2C196216678AE00CF9C3E /* APIController.swift */,
				7BB2FEFF2167791100209D8F /* TweetTableViewCell.swift */,
			);
			path = d04;
			sourceTree = "<group>";
		};
/* End PBXGroup section */

/* Begin PBXNativeTarget section */
		7BC2C17C2166764700CF9C3E /* d04 */ = {
			isa = PBXNativeTarget;
			buildConfigurationList = 7BC2C18F2166764700CF9C3E /* Build configuration list for PBXNativeTarget "d04" */;
			buildPhases = (
				7BC2C1792166764700CF9C3E /* Sources */,
				7BC2C17A2166764700CF9C3E /* Frameworks */,
				7BC2C17B2166764700CF9C3E /* Resources */,
			);
			buildRules = (
			);
			dependencies = (
			);
			name = d04;
			productName = d04;
			productReference = 7BC2C17D2166764700CF9C3E /* d04.app */;
			productType = "com.apple.product-type.application";
		};
/* End PBXNativeTarget section */

/* Begin PBXProject section */
		7BC2C1752166764700CF9C3E /* Project object */ = {
			isa = PBXProject;
			attributes = {
				LastSwiftUpdateCheck = 0920;
				LastUpgradeCheck = 0920;
				ORGANIZATIONNAME = "Claudio MUTTI";
				TargetAttributes = {
					7BC2C17C2166764700CF9C3E = {
						CreatedOnToolsVersion = 9.2;
						ProvisioningStyle = Automatic;
					};
				};
			};
			buildConfigurationList = 7BC2C1782166764700CF9C3E /* Build configuration list for PBXProject "d04" */;
			compatibilityVersion = "Xcode 8.0";
			developmentRegion = en;
			hasScannedForEncodings = 0;
			knownRegions = (
				en,
				Base,
			);
			mainGroup = 7BC2C1742166764700CF9C3E;
			productRefGroup = 7BC2C17E2166764700CF9C3E /* Products */;
			projectDirPath = "";
			projectRoot = "";
			targets = (
				7BC2C17C2166764700CF9C3E /* d04 */,
			);
		};
/* End PBXProject section */

/* Begin PBXResourcesBuildPhase section */
		7BC2C17B2166764700CF9C3E /* Resources */ = {
			isa = PBXResourcesBuildPhase;
			buildActionMask = 2147483647;
			files = (
				7BC2C18B2166764700CF9C3E /* LaunchScreen.storyboard in Resources */,
				7BC2C1882166764700CF9C3E /* Assets.xcassets in Resources */,
				7BC2C1862166764700CF9C3E /* Main.storyboard in Resources */,
			);
			runOnlyForDeploymentPostprocessing = 0;
		};
/* End PBXResourcesBuildPhase section */

/* Begin PBXSourcesBuildPhase section */
		7BC2C1792166764700CF9C3E /* Sources */ = {
			isa = PBXSourcesBuildPhase;
			buildActionMask = 2147483647;
			files = (
				7BC2C1932166769600CF9C3E /* Tweet.swift in Sources */,
				7BC2C1832166764700CF9C3E /* ViewController.swift in Sources */,
				7BC2C1812166764700CF9C3E /* AppDelegate.swift in Sources */,
				7BC2C195216677E200CF9C3E /* APITwitterDelegate.swift in Sources */,
				7BC2C197216678AE00CF9C3E /* APIController.swift in Sources */,
				7BB2FF002167791100209D8F /* TweetTableViewCell.swift in Sources */,
			);
			runOnlyForDeploymentPostprocessing = 0;
		};
/* End PBXSourcesBuildPhase section */

/* Begin PBXVariantGroup section */
		7BC2C1842166764700CF9C3E /* Main.storyboard */ = {
			isa = PBXVariantGroup;
			children = (
				7BC2C1852166764700CF9C3E /* Base */,
			);
			name = Main.storyboard;
			sourceTree = "<group>";
		};
		7BC2C1892166764700CF9C3E /* LaunchScreen.storyboard */ = {
			isa = PBXVariantGroup;
			children = (
				7BC2C18A2166764700CF9C3E /* Base */,
			);
			name = LaunchScreen.storyboard;
			sourceTree = "<group>";
		};
/* End PBXVariantGroup section */

/* Begin XCBuildConfiguration section */
		7BC2C18D2166764700CF9C3E /* Debug */ = {
			isa = XCBuildConfiguration;
			buildSettings = {
				ALWAYS_SEARCH_USER_PATHS = NO;
				CLANG_ANALYZER_NONNULL = YES;
				CLANG_ANALYZER_NUMBER_OBJECT_CONVERSION = YES_AGGRESSIVE;
				CLANG_CXX_LANGUAGE_STANDARD = "gnu++14";
				CLANG_CXX_LIBRARY = "libc++";
				CLANG_ENABLE_MODULES = YES;
				CLANG_ENABLE_OBJC_ARC = YES;
				CLANG_WARN_BLOCK_CAPTURE_AUTORELEASING = YES;
				CLANG_WARN_BOOL_CONVERSION = YES;
				CLANG_WARN_COMMA = YES;
				CLANG_WARN_CONSTANT_CONVERSION = YES;
				CLANG_WARN_DIRECT_OBJC_ISA_USAGE = YES_ERROR;
				CLANG_WARN_DOCUMENTATION_COMMENTS = YES;
				CLANG_WARN_EMPTY_BODY = YES;
				CLANG_WARN_ENUM_CONVERSION = YES;
				CLANG_WARN_INFINITE_RECURSION = YES;
				CLANG_WARN_INT_CONVERSION = YES;
				CLANG_WARN_NON_LITERAL_NULL_CONVERSION = YES;
				CLANG_WARN_OBJC_LITERAL_CONVERSION = YES;
				CLANG_WARN_OBJC_ROOT_CLASS = YES_ERROR;
				CLANG_WARN_RANGE_LOOP_ANALYSIS = YES;
				CLANG_WARN_STRICT_PROTOTYPES = YES;
				CLANG_WARN_SUSPICIOUS_MOVE = YES;
				CLANG_WARN_UNGUARDED_AVAILABILITY = YES_AGGRESSIVE;
				CLANG_WARN_UNREACHABLE_CODE = YES;
				CLANG_WARN__DUPLICATE_METHOD_MATCH = YES;
				CODE_SIGN_IDENTITY = "iPhone Developer";
				COPY_PHASE_STRIP = NO;
				DEBUG_INFORMATION_FORMAT = dwarf;
				ENABLE_STRICT_OBJC_MSGSEND = YES;
				ENABLE_TESTABILITY = YES;
				GCC_C_LANGUAGE_STANDARD = gnu11;
				GCC_DYNAMIC_NO_PIC = NO;
				GCC_NO_COMMON_BLOCKS = YES;
				GCC_OPTIMIZATION_LEVEL = 0;
				GCC_PREPROCESSOR_DEFINITIONS = (
					"DEBUG=1",
					"$(inherited)",
				);
				GCC_WARN_64_TO_32_BIT_CONVERSION = YES;
				GCC_WARN_ABOUT_RETURN_TYPE = YES_ERROR;
				GCC_WARN_UNDECLARED_SELECTOR = YES;
				GCC_WARN_UNINITIALIZED_AUTOS = YES_AGGRESSIVE;
				GCC_WARN_UNUSED_FUNCTION = YES;
				GCC_WARN_UNUSED_VARIABLE = YES;
				IPHONEOS_DEPLOYMENT_TARGET = 11.2;
				MTL_ENABLE_DEBUG_INFO = YES;
				ONLY_ACTIVE_ARCH = YES;
				SDKROOT = iphoneos;
				SWIFT_ACTIVE_COMPILATION_CONDITIONS = DEBUG;
				SWIFT_OPTIMIZATION_LEVEL = "-Onone";
			};
			name = Debug;
		};
		7BC2C18E2166764700CF9C3E /* Release */ = {
			isa = XCBuildConfiguration;
			buildSettings = {
				ALWAYS_SEARCH_USER_PATHS = NO;
				CLANG_ANALYZER_NONNULL = YES;
				CLANG_ANALYZER_NUMBER_OBJECT_CONVERSION = YES_AGGRESSIVE;
				CLANG_CXX_LANGUAGE_STANDARD = "gnu++14";
				CLANG_CXX_LIBRARY = "libc++";
				CLANG_ENABLE_MODULES = YES;
				CLANG_ENABLE_OBJC_ARC = YES;
				CLANG_WARN_BLOCK_CAPTURE_AUTORELEASING = YES;
				CLANG_WARN_BOOL_CONVERSION = YES;
				CLANG_WARN_COMMA = YES;
				CLANG_WARN_CONSTANT_CONVERSION = YES;
				CLANG_WARN_DIRECT_OBJC_ISA_USAGE = YES_ERROR;
				CLANG_WARN_DOCUMENTATION_COMMENTS = YES;
				CLANG_WARN_EMPTY_BODY = YES;
				CLANG_WARN_ENUM_CONVERSION = YES;
				CLANG_WARN_INFINITE_RECURSION = YES;
				CLANG_WARN_INT_CONVERSION = YES;
				CLANG_WARN_NON_LITERAL_NULL_CONVERSION = YES;
				CLANG_WARN_OBJC_LITERAL_CONVERSION = YES;
				CLANG_WARN_OBJC_ROOT_CLASS = YES_ERROR;
				CLANG_WARN_RANGE_LOOP_ANALYSIS = YES;
				CLANG_WARN_STRICT_PROTOTYPES = YES;
				CLANG_WARN_SUSPICIOUS_MOVE = YES;
				CLANG_WARN_UNGUARDED_AVAILABILITY = YES_AGGRESSIVE;
				CLANG_WARN_UNREACHABLE_CODE = YES;
				CLANG_WARN__DUPLICATE_METHOD_MATCH = YES;
				CODE_SIGN_IDENTITY = "iPhone Developer";
				COPY_PHASE_STRIP = NO;
				DEBUG_INFORMATION_FORMAT = "dwarf-with-dsym";
				ENABLE_NS_ASSERTIONS = NO;
				ENABLE_STRICT_OBJC_MSGSEND = YES;
				GCC_C_LANGUAGE_STANDARD = gnu11;
				GCC_NO_COMMON_BLOCKS = YES;
				GCC_WARN_64_TO_32_BIT_CONVERSION = YES;
				GCC_WARN_ABOUT_RETURN_TYPE = YES_ERROR;
				GCC_WARN_UNDECLARED_SELECTOR = YES;
				GCC_WARN_UNINITIALIZED_AUTOS = YES_AGGRESSIVE;
				GCC_WARN_UNUSED_FUNCTION = YES;
				GCC_WARN_UNUSED_VARIABLE = YES;
				IPHONEOS_DEPLOYMENT_TARGET = 11.2;
				MTL_ENABLE_DEBUG_INFO = NO;
				SDKROOT = iphoneos;
				SWIFT_OPTIMIZATION_LEVEL = "-Owholemodule";
				VALIDATE_PRODUCT = YES;
			};
			name = Release;
		};
		7BC2C1902166764700CF9C3E /* Debug */ = {
			isa = XCBuildConfiguration;
			buildSettings = {
				ASSETCATALOG_COMPILER_APPICON_NAME = AppIcon;
				CODE_SIGN_STYLE = Automatic;
				INFOPLIST_FILE = d04/Info.plist;
				LD_RUNPATH_SEARCH_PATHS = "$(inherited) @executable_path/Frameworks";
				PRODUCT_BUNDLE_IDENTIFIER = fr42.d04;
				PRODUCT_NAME = "$(TARGET_NAME)";
				SWIFT_VERSION = 4.0;
				TARGETED_DEVICE_FAMILY = "1,2";
			};
			name = Debug;
		};
		7BC2C1912166764700CF9C3E /* Release */ = {
			isa = XCBuildConfiguration;
			buildSettings = {
				ASSETCATALOG_COMPILER_APPICON_NAME = AppIcon;
				CODE_SIGN_STYLE = Automatic;
				INFOPLIST_FILE = d04/Info.plist;
				LD_RUNPATH_SEARCH_PATHS = "$(inherited) @executable_path/Frameworks";
				PRODUCT_BUNDLE_IDENTIFIER = fr42.d04;
				PRODUCT_NAME = "$(TARGET_NAME)";
				SWIFT_VERSION = 4.0;
				TARGETED_DEVICE_FAMILY = "1,2";
			};
			name = Release;
		};
/* End XCBuildConfiguration section */

/* Begin XCConfigurationList section */
		7BC2C1782166764700CF9C3E /* Build configuration list for PBXProject "d04" */ = {
			isa = XCConfigurationList;
			buildConfigurations = (
				7BC2C18D2166764700CF9C3E /* Debug */,
				7BC2C18E2166764700CF9C3E /* Release */,
			);
			defaultConfigurationIsVisible = 0;
			defaultConfigurationName = Release;
		};
		7BC2C18F2166764700CF9C3E /* Build configuration list for PBXNativeTarget "d04" */ = {
			isa = XCConfigurationList;
			buildConfigurations = (
				7BC2C1902166764700CF9C3E /* Debug */,
				7BC2C1912166764700CF9C3E /* Release */,
			);
			defaultConfigurationIsVisible = 0;
			defaultConfigurationName = Release;
		};
/* End XCConfigurationList section */
	};
	rootObject = 7BC2C1752166764700CF9C3E /* Project object */;
}
